
Microsoft Visual Studio Solution File, Format Version 12.00
# Visual Studio Version 17
VisualStudioVersion = 17.5.33530.505
MinimumVisualStudioVersion = 10.0.40219.1
Project("{FAE04EC0-301F-11D3-BF4B-00C04F79EFBC}") = "SOSFashion", "SOSFashion.csproj", "{7D6D0D70-F4BA-49F5-AE45-C9F349519BCC}"
EndProject
Global
	GlobalSection(SolutionConfigurationPlatforms) = preSolution
		Debug|Any CPU = Debug|Any CPU
		Release|Any CPU = Release|Any CPU
	EndGlobalSection
	GlobalSection(ProjectConfigurationPlatforms) = postSolution
		{7D6D0D70-F4BA-49F5-AE45-C9F349519BCC}.Debug|Any CPU.ActiveCfg = Debug|Any CPU
		{7D6D0D70-F4BA-49F5-AE45-C9F349519BCC}.Debug|Any CPU.Build.0 = Debug|Any CPU
		{7D6D0D70-F4BA-49F5-AE45-C9F349519BCC}.Release|Any CPU.ActiveCfg = Release|Any CPU
		{7D6D0D70-F4BA-49F5-AE45-C9F349519BCC}.Release|Any CPU.Build.0 = Release|Any CPU
	EndGlobalSection
	GlobalSection(SolutionProperties) = preSolution
		HideSolutionNode = FALSE
	EndGlobalSection
	GlobalSection(ExtensibilityGlobals) = postSolution
		SolutionGuid = {391B4F99-C83D-4A6A-87F3-DD2196447245}
	EndGlobalSection
EndGlobal
